
Microsoft Visual Studio Solution File, Format Version 12.00
# Visual Studio Version 17
VisualStudioVersion = 17.1.32407.343
MinimumVisualStudioVersion = 10.0.40219.1
Project("{8BC9CEB8-8B4A-11D0-8D11-00A0C91BC942}") = "光天化日学C语言", "光天化日学C语言\光天化日学C语言.vcxproj", "{7DC6AE52-B8E6-42FE-AE67-3B79EF1BDFD9}"
EndProject
Global
	GlobalSection(SolutionConfigurationPlatforms) = preSolution
		Debug|x64 = Debug|x64
		Debug|x86 = Debug|x86
		Release|x64 = Release|x64
		Release|x86 = Release|x86
	EndGlobalSection
	GlobalSection(ProjectConfigurationPlatforms) = postSolution
		{7DC6AE52-B8E6-42FE-AE67-3B79EF1BDFD9}.Debug|x64.ActiveCfg = Debug|x64
		{7DC6AE52-B8E6-42FE-AE67-3B79EF1BDFD9}.Debug|x64.Build.0 = Debug|x64
		{7DC6AE52-B8E6-42FE-AE67-3B79EF1BDFD9}.Debug|x86.ActiveCfg = Debug|Win32
		{7DC6AE52-B8E6-42FE-AE67-3B79EF1BDFD9}.Debug|x86.Build.0 = Debug|Win32
		{7DC6AE52-B8E6-42FE-AE67-3B79EF1BDFD9}.Release|x64.ActiveCfg = Release|x64
		{7DC6AE52-B8E6-42FE-AE67-3B79EF1BDFD9}.Release|x64.Build.0 = Release|x64
		{7DC6AE52-B8E6-42FE-AE67-3B79EF1BDFD9}.Release|x86.ActiveCfg = Release|Win32
		{7DC6AE52-B8E6-42FE-AE67-3B79EF1BDFD9}.Release|x86.Build.0 = Release|Win32
	EndGlobalSection
	GlobalSection(SolutionProperties) = preSolution
		HideSolutionNode = FALSE
	EndGlobalSection
	GlobalSection(ExtensibilityGlobals) = postSolution
		SolutionGuid = {3BC235EC-1A43-4CF7-8809-2C802E556D17}
	EndGlobalSection
EndGlobal
